
Microsoft Visual Studio Solution File, Format Version 12.00
# Visual Studio 15
VisualStudioVersion = 15.0.28010.2041
MinimumVisualStudioVersion = 10.0.40219.1
Project("{FAE04EC0-301F-11D3-BF4B-00C04F79EFBC}") = "Part8", "Part8\Part8.csproj", "{B0ACF691-3E7D-499F-83C5-9EFC6608545A}"
EndProject
Global
	GlobalSection(SolutionConfigurationPlatforms) = preSolution
		Debug|Any CPU = Debug|Any CPU
		Release|Any CPU = Release|Any CPU
	EndGlobalSection
	GlobalSection(ProjectConfigurationPlatforms) = postSolution
		{B0ACF691-3E7D-499F-83C5-9EFC6608545A}.Debug|Any CPU.ActiveCfg = Debug|Any CPU
		{B0ACF691-3E7D-499F-83C5-9EFC6608545A}.Debug|Any CPU.Build.0 = Debug|Any CPU
		{B0ACF691-3E7D-499F-83C5-9EFC6608545A}.Release|Any CPU.ActiveCfg = Release|Any CPU
		{B0ACF691-3E7D-499F-83C5-9EFC6608545A}.Release|Any CPU.Build.0 = Release|Any CPU
	EndGlobalSection
	GlobalSection(SolutionProperties) = preSolution
		HideSolutionNode = FALSE
	EndGlobalSection
	GlobalSection(ExtensibilityGlobals) = postSolution
		SolutionGuid = {73D0C716-6DF1-4F36-8200-7C30BDB0DBAB}
	EndGlobalSection
EndGlobal
